
Microsoft Visual Studio Solution File, Format Version 12.00
# Visual Studio Version 16
VisualStudioVersion = 16.0.30611.23
MinimumVisualStudioVersion = 10.0.40219.1
Project("{9A19103F-16F7-4668-BE54-9A1E7A4F7556}") = "SimplePhoneBook", "SimplePhoneBook\SimplePhoneBook.csproj", "{F12BE1CC-E8E5-4E07-9D7A-FBED13F7770A}"
EndProject
Project("{FAE04EC0-301F-11D3-BF4B-00C04F79EFBC}") = "SecurityThreatDataParser", "SecurityThreatDataParser\SecurityThreatDataParser.csproj", "{17D21EE7-EAD4-47B7-BDBC-DF9E3D553C06}"
EndProject
Global
	GlobalSection(SolutionConfigurationPlatforms) = preSolution
		Debug|Any CPU = Debug|Any CPU
		Release|Any CPU = Release|Any CPU
	EndGlobalSection
	GlobalSection(ProjectConfigurationPlatforms) = postSolution
		{F12BE1CC-E8E5-4E07-9D7A-FBED13F7770A}.Debug|Any CPU.ActiveCfg = Debug|Any CPU
		{F12BE1CC-E8E5-4E07-9D7A-FBED13F7770A}.Debug|Any CPU.Build.0 = Debug|Any CPU
		{F12BE1CC-E8E5-4E07-9D7A-FBED13F7770A}.Release|Any CPU.ActiveCfg = Release|Any CPU
		{F12BE1CC-E8E5-4E07-9D7A-FBED13F7770A}.Release|Any CPU.Build.0 = Release|Any CPU
		{17D21EE7-EAD4-47B7-BDBC-DF9E3D553C06}.Debug|Any CPU.ActiveCfg = Debug|Any CPU
		{17D21EE7-EAD4-47B7-BDBC-DF9E3D553C06}.Debug|Any CPU.Build.0 = Debug|Any CPU
		{17D21EE7-EAD4-47B7-BDBC-DF9E3D553C06}.Release|Any CPU.ActiveCfg = Release|Any CPU
		{17D21EE7-EAD4-47B7-BDBC-DF9E3D553C06}.Release|Any CPU.Build.0 = Release|Any CPU
	EndGlobalSection
	GlobalSection(SolutionProperties) = preSolution
		HideSolutionNode = FALSE
	EndGlobalSection
	GlobalSection(ExtensibilityGlobals) = postSolution
		SolutionGuid = {47BC1AEC-0057-4340-8D1B-B434F9136BAE}
	EndGlobalSection
EndGlobal
